
Microsoft Visual Studio Solution File, Format Version 12.00
# Visual Studio Version 17
VisualStudioVersion = 17.10.35027.167
MinimumVisualStudioVersion = 10.0.40219.1
Project("{FAE04EC0-301F-11D3-BF4B-00C04F79EFBC}") = "Week4-Final", "Week4-Final\Week4-Final.csproj", "{4B3E9080-48B0-453B-9205-58B635DD4B63}"
EndProject
Global
	GlobalSection(SolutionConfigurationPlatforms) = preSolution
		Debug|Any CPU = Debug|Any CPU
		Release|Any CPU = Release|Any CPU
	EndGlobalSection
	GlobalSection(ProjectConfigurationPlatforms) = postSolution
		{4B3E9080-48B0-453B-9205-58B635DD4B63}.Debug|Any CPU.ActiveCfg = Debug|Any CPU
		{4B3E9080-48B0-453B-9205-58B635DD4B63}.Debug|Any CPU.Build.0 = Debug|Any CPU
		{4B3E9080-48B0-453B-9205-58B635DD4B63}.Release|Any CPU.ActiveCfg = Release|Any CPU
		{4B3E9080-48B0-453B-9205-58B635DD4B63}.Release|Any CPU.Build.0 = Release|Any CPU
	EndGlobalSection
	GlobalSection(SolutionProperties) = preSolution
		HideSolutionNode = FALSE
	EndGlobalSection
	GlobalSection(ExtensibilityGlobals) = postSolution
		SolutionGuid = {C52FB5CE-DC53-4EB3-8AED-19278D5EF7DF}
	EndGlobalSection
EndGlobal
